<tr><th class="merchant-identifier">[MID] Merchant Name / \Merchant DBA \City, State ZI</th><th>Long Distance</th><th>Cellular Recharge</th><th>Other Prepaid</th><th>Total Sales</th><th>Merchant Commission</th><th>Fees & Debt/Crdt</th><th>Net Amount</th><th>Distributor Commission</th><th>Balance as of @endDate.ToString("d")</th></tr>


.type-status-filter .header{
	text-align: center;
	font-size: 14pt;
}

.type-status-filter .body{
	font-size: 11px;
}
.type-status-filter .body span{
	margin-right: 17px;
}
.table-info{
	margin-top: 10px;
	background-color: #fafad2;
	border: solid 1px #999;
	padding: 5px;
}
table thead, table tfoot tr{
	font-size:12px; 
	background-color: #ddd;
}
table tbody{
	FONT-SIZE: 12px; 
	FONT-FAMILY: verdana;
}
table tfoot tr.legend{
	background-color: #fff;
}
table tfoot tr.legend td{
	
}